// !$*UTF8*$!
{
	archiveVersion = 1;
	classes = {
	};
	objectVersion = 77;
	objects = {

/* Begin PBXBuildFile section */
		562B06252DE2985500916BB1 /* WatchMapTimer Watch App.app in Embed Watch Content */ = {isa = PBXBuildFile; fileRef = 562B06052DE2985400916BB1 /* WatchMapTimer Watch App.app */; settings = {ATTRIBUTES = (RemoveHeadersOnCopy, ); }; };
		562B06302DE298DF00916BB1 /* MapSchedule.swift in Sources */ = {isa = PBXBuildFile; fileRef = 565CE31E2D80F2B900DDA473 /* MapSchedule.swift */; };
		565CE2E32D7F670A00DDA473 /* WidgetKit.framework in Frameworks */ = {isa = PBXBuildFile; fileRef = 565CE2E22D7F670A00DDA473 /* WidgetKit.framework */; };
		565CE2E52D7F670A00DDA473 /* SwiftUI.framework in Frameworks */ = {isa = PBXBuildFile; fileRef = 565CE2E42D7F670A00DDA473 /* SwiftUI.framework */; };
		565CE2F62D7F670B00DDA473 /* QuickviewExtension.appex in Embed Foundation Extensions */ = {isa = PBXBuildFile; fileRef = 565CE2E02D7F670A00DDA473 /* QuickviewExtension.appex */; settings = {ATTRIBUTES = (RemoveHeadersOnCopy, ); }; };
		565CE3212D80F2B900DDA473 /* MapSchedule.swift in Sources */ = {isa = PBXBuildFile; fileRef = 565CE31E2D80F2B900DDA473 /* MapSchedule.swift */; };
		565CE3392D80F50900DDA473 /* MapSchedule.swift in Sources */ = {isa = PBXBuildFile; fileRef = 565CE31E2D80F2B900DDA473 /* MapSchedule.swift */; };
		5686BF772DE3CF0E003C3392 /* WidgetKit.framework in Frameworks */ = {isa = PBXBuildFile; fileRef = 565CE2E22D7F670A00DDA473 /* WidgetKit.framework */; };
		5686BF782DE3CF0E003C3392 /* SwiftUI.framework in Frameworks */ = {isa = PBXBuildFile; fileRef = 565CE2E42D7F670A00DDA473 /* SwiftUI.framework */; };
		5686BF832DE3CF0F003C3392 /* QuickViewWatchExtension.appex in Embed Foundation Extensions */ = {isa = PBXBuildFile; fileRef = 5686BF762DE3CF0E003C3392 /* QuickViewWatchExtension.appex */; settings = {ATTRIBUTES = (RemoveHeadersOnCopy, ); }; };
		5686BF892DE3D96E003C3392 /* MapSchedule.swift in Sources */ = {isa = PBXBuildFile; fileRef = 565CE31E2D80F2B900DDA473 /* MapSchedule.swift */; };
/* End PBXBuildFile section */

/* Begin PBXContainerItemProxy section */
		562B06122DE2985500916BB1 /* PBXContainerItemProxy */ = {
			isa = PBXContainerItemProxy;
			containerPortal = 563207112D7D2A2F000AD31A /* Project object */;
			proxyType = 1;
			remoteGlobalIDString = 562B06042DE2985400916BB1;
			remoteInfo = "WatchMapTimer Watch App";
		};
		562B061C2DE2985500916BB1 /* PBXContainerItemProxy */ = {
			isa = PBXContainerItemProxy;
			containerPortal = 563207112D7D2A2F000AD31A /* Project object */;
			proxyType = 1;
			remoteGlobalIDString = 562B06042DE2985400916BB1;
			remoteInfo = "WatchMapTimer Watch App";
		};
		562B06232DE2985500916BB1 /* PBXContainerItemProxy */ = {
			isa = PBXContainerItemProxy;
			containerPortal = 563207112D7D2A2F000AD31A /* Project object */;
			proxyType = 1;
			remoteGlobalIDString = 562B06042DE2985400916BB1;
			remoteInfo = "WatchMapTimer Watch App";
		};
		5632072A2D7D2A30000AD31A /* PBXContainerItemProxy */ = {
			isa = PBXContainerItemProxy;
			containerPortal = 563207112D7D2A2F000AD31A /* Project object */;
			proxyType = 1;
			remoteGlobalIDString = 563207182D7D2A2F000AD31A;
			remoteInfo = MapTimer;
		};
		563207342D7D2A30000AD31A /* PBXContainerItemProxy */ = {
			isa = PBXContainerItemProxy;
			containerPortal = 563207112D7D2A2F000AD31A /* Project object */;
			proxyType = 1;
			remoteGlobalIDString = 563207182D7D2A2F000AD31A;
			remoteInfo = MapTimer;
		};
		565CE2F42D7F670B00DDA473 /* PBXContainerItemProxy */ = {
			isa = PBXContainerItemProxy;
			containerPortal = 563207112D7D2A2F000AD31A /* Project object */;
			proxyType = 1;
			remoteGlobalIDString = 565CE2DF2D7F670A00DDA473;
			remoteInfo = QuickviewExtension;
		};
		5686BF812DE3CF0F003C3392 /* PBXContainerItemProxy */ = {
			isa = PBXContainerItemProxy;
			containerPortal = 563207112D7D2A2F000AD31A /* Project object */;
			proxyType = 1;
			remoteGlobalIDString = 5686BF752DE3CF0E003C3392;
			remoteInfo = QuickViewWatchExtension;
		};
/* End PBXContainerItemProxy section */

/* Begin PBXCopyFilesBuildPhase section */
		562B06292DE2985500916BB1 /* Embed Watch Content */ = {
			isa = PBXCopyFilesBuildPhase;
			buildActionMask = 2147483647;
			dstPath = "$(CONTENTS_FOLDER_PATH)/Watch";
			dstSubfolderSpec = 16;
			files = (
				562B06252DE2985500916BB1 /* WatchMapTimer Watch App.app in Embed Watch Content */,
			);
			name = "Embed Watch Content";
			runOnlyForDeploymentPostprocessing = 0;
		};
		565CE2DB2D7F65C900DDA473 /* Embed Foundation Extensions */ = {
			isa = PBXCopyFilesBuildPhase;
			buildActionMask = 2147483647;
			dstPath = "";
			dstSubfolderSpec = 13;
			files = (
				565CE2F62D7F670B00DDA473 /* QuickviewExtension.appex in Embed Foundation Extensions */,
			);
			name = "Embed Foundation Extensions";
			runOnlyForDeploymentPostprocessing = 0;
		};
		5686BF882DE3CF0F003C3392 /* Embed Foundation Extensions */ = {
			isa = PBXCopyFilesBuildPhase;
			buildActionMask = 2147483647;
			dstPath = "";
			dstSubfolderSpec = 13;
			files = (
				5686BF832DE3CF0F003C3392 /* QuickViewWatchExtension.appex in Embed Foundation Extensions */,
			);
			name = "Embed Foundation Extensions";
			runOnlyForDeploymentPostprocessing = 0;
		};
/* End PBXCopyFilesBuildPhase section */

/* Begin PBXFileReference section */
		562B06052DE2985400916BB1 /* WatchMapTimer Watch App.app */ = {isa = PBXFileReference; explicitFileType = wrapper.application; includeInIndex = 0; path = "WatchMapTimer Watch App.app"; sourceTree = BUILT_PRODUCTS_DIR; };
		562B06112DE2985500916BB1 /* WatchMapTimer Watch AppTests.xctest */ = {isa = PBXFileReference; explicitFileType = wrapper.cfbundle; includeInIndex = 0; path = "WatchMapTimer Watch AppTests.xctest"; sourceTree = BUILT_PRODUCTS_DIR; };
		562B061B2DE2985500916BB1 /* WatchMapTimer Watch AppUITests.xctest */ = {isa = PBXFileReference; explicitFileType = wrapper.cfbundle; includeInIndex = 0; path = "WatchMapTimer Watch AppUITests.xctest"; sourceTree = BUILT_PRODUCTS_DIR; };
		563207192D7D2A2F000AD31A /* MapTimer.app */ = {isa = PBXFileReference; explicitFileType = wrapper.application; includeInIndex = 0; path = MapTimer.app; sourceTree = BUILT_PRODUCTS_DIR; };
		563207292D7D2A30000AD31A /* MapTimerTests.xctest */ = {isa = PBXFileReference; explicitFileType = wrapper.cfbundle; includeInIndex = 0; path = MapTimerTests.xctest; sourceTree = BUILT_PRODUCTS_DIR; };
		563207332D7D2A30000AD31A /* MapTimerUITests.xctest */ = {isa = PBXFileReference; explicitFileType = wrapper.cfbundle; includeInIndex = 0; path = MapTimerUITests.xctest; sourceTree = BUILT_PRODUCTS_DIR; };
		565CE2E02D7F670A00DDA473 /* QuickviewExtension.appex */ = {isa = PBXFileReference; explicitFileType = "wrapper.app-extension"; includeInIndex = 0; path = QuickviewExtension.appex; sourceTree = BUILT_PRODUCTS_DIR; };
		565CE2E22D7F670A00DDA473 /* WidgetKit.framework */ = {isa = PBXFileReference; lastKnownFileType = wrapper.framework; name = WidgetKit.framework; path = System/Library/Frameworks/WidgetKit.framework; sourceTree = SDKROOT; };
		565CE2E42D7F670A00DDA473 /* SwiftUI.framework */ = {isa = PBXFileReference; lastKnownFileType = wrapper.framework; name = SwiftUI.framework; path = System/Library/Frameworks/SwiftUI.framework; sourceTree = SDKROOT; };
		565CE31E2D80F2B900DDA473 /* MapSchedule.swift */ = {isa = PBXFileReference; lastKnownFileType = sourcecode.swift; path = MapSchedule.swift; sourceTree = "<group>"; };
		5686BF762DE3CF0E003C3392 /* QuickViewWatchExtension.appex */ = {isa = PBXFileReference; explicitFileType = "wrapper.app-extension"; includeInIndex = 0; path = QuickViewWatchExtension.appex; sourceTree = BUILT_PRODUCTS_DIR; };
/* End PBXFileReference section */

/* Begin PBXFileSystemSynchronizedBuildFileExceptionSet section */
		565CE2F72D7F670B00DDA473 /* Exceptions for "Quickview" folder in "QuickviewExtension" target */ = {
			isa = PBXFileSystemSynchronizedBuildFileExceptionSet;
			membershipExceptions = (
				Info.plist,
			);
			target = 565CE2DF2D7F670A00DDA473 /* QuickviewExtension */;
		};
		565E58E22DA703D7007682DF /* Exceptions for "MapTimer" folder in "QuickviewExtension" target */ = {
			isa = PBXFileSystemSynchronizedBuildFileExceptionSet;
			membershipExceptions = (
				HelperViews/NotificationViews.swift,
			);
			target = 565CE2DF2D7F670A00DDA473 /* QuickviewExtension */;
		};
		5686BF842DE3CF0F003C3392 /* Exceptions for "QuickViewWatch" folder in "QuickViewWatchExtension" target */ = {
			isa = PBXFileSystemSynchronizedBuildFileExceptionSet;
			membershipExceptions = (
				Info.plist,
			);
			target = 5686BF752DE3CF0E003C3392 /* QuickViewWatchExtension */;
		};
/* End PBXFileSystemSynchronizedBuildFileExceptionSet section */

/* Begin PBXFileSystemSynchronizedRootGroup section */
		562B06062DE2985400916BB1 /* WatchMapTimer Watch App */ = {
			isa = PBXFileSystemSynchronizedRootGroup;
			path = "WatchMapTimer Watch App";
			sourceTree = "<group>";
		};
		562B06142DE2985500916BB1 /* WatchMapTimer Watch AppTests */ = {
			isa = PBXFileSystemSynchronizedRootGroup;
			path = "WatchMapTimer Watch AppTests";
			sourceTree = "<group>";
		};
		562B061E2DE2985500916BB1 /* WatchMapTimer Watch AppUITests */ = {
			isa = PBXFileSystemSynchronizedRootGroup;
			path = "WatchMapTimer Watch AppUITests";
			sourceTree = "<group>";
		};
		5632071B2D7D2A2F000AD31A /* MapTimer */ = {
			isa = PBXFileSystemSynchronizedRootGroup;
			exceptions = (
				565E58E22DA703D7007682DF /* Exceptions for "MapTimer" folder in "QuickviewExtension" target */,
			);
			path = MapTimer;
			sourceTree = "<group>";
		};
		5632072C2D7D2A30000AD31A /* MapTimerTests */ = {
			isa = PBXFileSystemSynchronizedRootGroup;
			path = MapTimerTests;
			sourceTree = "<group>";
		};
		563207362D7D2A30000AD31A /* MapTimerUITests */ = {
			isa = PBXFileSystemSynchronizedRootGroup;
			path = MapTimerUITests;
			sourceTree = "<group>";
		};
		565CE2E62D7F670A00DDA473 /* Quickview */ = {
			isa = PBXFileSystemSynchronizedRootGroup;
			exceptions = (
				565CE2F72D7F670B00DDA473 /* Exceptions for "Quickview" folder in "QuickviewExtension" target */,
			);
			path = Quickview;
			sourceTree = "<group>";
		};
		5686BF792DE3CF0E003C3392 /* QuickViewWatch */ = {
			isa = PBXFileSystemSynchronizedRootGroup;
			exceptions = (
				5686BF842DE3CF0F003C3392 /* Exceptions for "QuickViewWatch" folder in "QuickViewWatchExtension" target */,
			);
			path = QuickViewWatch;
			sourceTree = "<group>";
		};
/* End PBXFileSystemSynchronizedRootGroup section */

/* Begin PBXFrameworksBuildPhase section */
		562B06022DE2985400916BB1 /* Frameworks */ = {
			isa = PBXFrameworksBuildPhase;
			buildActionMask = 2147483647;
			files = (
			);
			runOnlyForDeploymentPostprocessing = 0;
		};
		562B060E2DE2985500916BB1 /* Frameworks */ = {
			isa = PBXFrameworksBuildPhase;
			buildActionMask = 2147483647;
			files = (
			);
			runOnlyForDeploymentPostprocessing = 0;
		};
		562B06182DE2985500916BB1 /* Frameworks */ = {
			isa = PBXFrameworksBuildPhase;
			buildActionMask = 2147483647;
			files = (
			);
			runOnlyForDeploymentPostprocessing = 0;
		};
		563207162D7D2A2F000AD31A /* Frameworks */ = {
			isa = PBXFrameworksBuildPhase;
			buildActionMask = 2147483647;
			files = (
			);
			runOnlyForDeploymentPostprocessing = 0;
		};
		563207262D7D2A30000AD31A /* Frameworks */ = {
			isa = PBXFrameworksBuildPhase;
			buildActionMask = 2147483647;
			files = (
			);
			runOnlyForDeploymentPostprocessing = 0;
		};
		563207302D7D2A30000AD31A /* Frameworks */ = {
			isa = PBXFrameworksBuildPhase;
			buildActionMask = 2147483647;
			files = (
			);
			runOnlyForDeploymentPostprocessing = 0;
		};
		565CE2DD2D7F670A00DDA473 /* Frameworks */ = {
			isa = PBXFrameworksBuildPhase;
			buildActionMask = 2147483647;
			files = (
				565CE2E52D7F670A00DDA473 /* SwiftUI.framework in Frameworks */,
				565CE2E32D7F670A00DDA473 /* WidgetKit.framework in Frameworks */,
			);
			runOnlyForDeploymentPostprocessing = 0;
		};
		5686BF732DE3CF0E003C3392 /* Frameworks */ = {
			isa = PBXFrameworksBuildPhase;
			buildActionMask = 2147483647;
			files = (
				5686BF782DE3CF0E003C3392 /* SwiftUI.framework in Frameworks */,
				5686BF772DE3CF0E003C3392 /* WidgetKit.framework in Frameworks */,
			);
			runOnlyForDeploymentPostprocessing = 0;
		};
/* End PBXFrameworksBuildPhase section */

/* Begin PBXGroup section */
		563207102D7D2A2F000AD31A = {
			isa = PBXGroup;
			children = (
				5632071B2D7D2A2F000AD31A /* MapTimer */,
				5632072C2D7D2A30000AD31A /* MapTimerTests */,
				563207362D7D2A30000AD31A /* MapTimerUITests */,
				565CE2E62D7F670A00DDA473 /* Quickview */,
				562B06062DE2985400916BB1 /* WatchMapTimer Watch App */,
				562B06142DE2985500916BB1 /* WatchMapTimer Watch AppTests */,
				562B061E2DE2985500916BB1 /* WatchMapTimer Watch AppUITests */,
				5686BF792DE3CF0E003C3392 /* QuickViewWatch */,
				565CE2E12D7F670A00DDA473 /* Frameworks */,
				5632071A2D7D2A2F000AD31A /* Products */,
				565CE31E2D80F2B900DDA473 /* MapSchedule.swift */,
			);
			sourceTree = "<group>";
		};
		5632071A2D7D2A2F000AD31A /* Products */ = {
			isa = PBXGroup;
			children = (
				563207192D7D2A2F000AD31A /* MapTimer.app */,
				563207292D7D2A30000AD31A /* MapTimerTests.xctest */,
				563207332D7D2A30000AD31A /* MapTimerUITests.xctest */,
				565CE2E02D7F670A00DDA473 /* QuickviewExtension.appex */,
				562B06052DE2985400916BB1 /* WatchMapTimer Watch App.app */,
				562B06112DE2985500916BB1 /* WatchMapTimer Watch AppTests.xctest */,
				562B061B2DE2985500916BB1 /* WatchMapTimer Watch AppUITests.xctest */,
				5686BF762DE3CF0E003C3392 /* QuickViewWatchExtension.appex */,
			);
			name = Products;
			sourceTree = "<group>";
		};
		565CE2E12D7F670A00DDA473 /* Frameworks */ = {
			isa = PBXGroup;
			children = (
				565CE2E22D7F670A00DDA473 /* WidgetKit.framework */,
				565CE2E42D7F670A00DDA473 /* SwiftUI.framework */,
			);
			name = Frameworks;
			sourceTree = "<group>";
		};
/* End PBXGroup section */

/* Begin PBXNativeTarget section */
		562B06042DE2985400916BB1 /* WatchMapTimer Watch App */ = {
			isa = PBXNativeTarget;
			buildConfigurationList = 562B06262DE2985500916BB1 /* Build configuration list for PBXNativeTarget "WatchMapTimer Watch App" */;
			buildPhases = (
				562B06012DE2985400916BB1 /* Sources */,
				562B06022DE2985400916BB1 /* Frameworks */,
				562B06032DE2985400916BB1 /* Resources */,
				5686BF882DE3CF0F003C3392 /* Embed Foundation Extensions */,
			);
			buildRules = (
			);
			dependencies = (
				5686BF822DE3CF0F003C3392 /* PBXTargetDependency */,
			);
			fileSystemSynchronizedGroups = (
				562B06062DE2985400916BB1 /* WatchMapTimer Watch App */,
			);
			name = "WatchMapTimer Watch App";
			packageProductDependencies = (
			);
			productName = "WatchMapTimer Watch App";
			productReference = 562B06052DE2985400916BB1 /* WatchMapTimer Watch App.app */;
			productType = "com.apple.product-type.application";
		};
		562B06102DE2985500916BB1 /* WatchMapTimer Watch AppTests */ = {
			isa = PBXNativeTarget;
			buildConfigurationList = 562B062A2DE2985500916BB1 /* Build configuration list for PBXNativeTarget "WatchMapTimer Watch AppTests" */;
			buildPhases = (
				562B060D2DE2985500916BB1 /* Sources */,
				562B060E2DE2985500916BB1 /* Frameworks */,
				562B060F2DE2985500916BB1 /* Resources */,
			);
			buildRules = (
			);
			dependencies = (
				562B06132DE2985500916BB1 /* PBXTargetDependency */,
			);
			fileSystemSynchronizedGroups = (
				562B06142DE2985500916BB1 /* WatchMapTimer Watch AppTests */,
			);
			name = "WatchMapTimer Watch AppTests";
			packageProductDependencies = (
			);
			productName = "WatchMapTimer Watch AppTests";
			productReference = 562B06112DE2985500916BB1 /* WatchMapTimer Watch AppTests.xctest */;
			productType = "com.apple.product-type.bundle.unit-test";
		};
		562B061A2DE2985500916BB1 /* WatchMapTimer Watch AppUITests */ = {
			isa = PBXNativeTarget;
			buildConfigurationList = 562B062D2DE2985500916BB1 /* Build configuration list for PBXNativeTarget "WatchMapTimer Watch AppUITests" */;
			buildPhases = (
				562B06172DE2985500916BB1 /* Sources */,
				562B06182DE2985500916BB1 /* Frameworks */,
				562B06192DE2985500916BB1 /* Resources */,
			);
			buildRules = (
			);
			dependencies = (
				562B061D2DE2985500916BB1 /* PBXTargetDependency */,
			);
			fileSystemSynchronizedGroups = (
				562B061E2DE2985500916BB1 /* WatchMapTimer Watch AppUITests */,
			);
			name = "WatchMapTimer Watch AppUITests";
			packageProductDependencies = (
			);
			productName = "WatchMapTimer Watch AppUITests";
			productReference = 562B061B2DE2985500916BB1 /* WatchMapTimer Watch AppUITests.xctest */;
			productType = "com.apple.product-type.bundle.ui-testing";
		};
		563207182D7D2A2F000AD31A /* MapTimer */ = {
			isa = PBXNativeTarget;
			buildConfigurationList = 5632073D2D7D2A30000AD31A /* Build configuration list for PBXNativeTarget "MapTimer" */;
			buildPhases = (
				563207152D7D2A2F000AD31A /* Sources */,
				563207162D7D2A2F000AD31A /* Frameworks */,
				563207172D7D2A2F000AD31A /* Resources */,
				565CE2DB2D7F65C900DDA473 /* Embed Foundation Extensions */,
				562B06292DE2985500916BB1 /* Embed Watch Content */,
			);
			buildRules = (
			);
			dependencies = (
				565CE2F52D7F670B00DDA473 /* PBXTargetDependency */,
				562B06242DE2985500916BB1 /* PBXTargetDependency */,
			);
			fileSystemSynchronizedGroups = (
				5632071B2D7D2A2F000AD31A /* MapTimer */,
			);
			name = MapTimer;
			packageProductDependencies = (
			);
			productName = MapTimer;
			productReference = 563207192D7D2A2F000AD31A /* MapTimer.app */;
			productType = "com.apple.product-type.application";
		};
		563207282D7D2A30000AD31A /* MapTimerTests */ = {
			isa = PBXNativeTarget;
			buildConfigurationList = 563207402D7D2A30000AD31A /* Build configuration list for PBXNativeTarget "MapTimerTests" */;
			buildPhases = (
				563207252D7D2A30000AD31A /* Sources */,
				563207262D7D2A30000AD31A /* Frameworks */,
				563207272D7D2A30000AD31A /* Resources */,
			);
			buildRules = (
			);
			dependencies = (
				5632072B2D7D2A30000AD31A /* PBXTargetDependency */,
			);
			fileSystemSynchronizedGroups = (
				5632072C2D7D2A30000AD31A /* MapTimerTests */,
			);
			name = MapTimerTests;
			packageProductDependencies = (
			);
			productName = MapTimerTests;
			productReference = 563207292D7D2A30000AD31A /* MapTimerTests.xctest */;
			productType = "com.apple.product-type.bundle.unit-test";
		};
		563207322D7D2A30000AD31A /* MapTimerUITests */ = {
			isa = PBXNativeTarget;
			buildConfigurationList = 563207432D7D2A30000AD31A /* Build configuration list for PBXNativeTarget "MapTimerUITests" */;
			buildPhases = (
				5632072F2D7D2A30000AD31A /* Sources */,
				563207302D7D2A30000AD31A /* Frameworks */,
				563207312D7D2A30000AD31A /* Resources */,
			);
			buildRules = (
			);
			dependencies = (
				563207352D7D2A30000AD31A /* PBXTargetDependency */,
			);
			fileSystemSynchronizedGroups = (
				563207362D7D2A30000AD31A /* MapTimerUITests */,
			);
			name = MapTimerUITests;
			packageProductDependencies = (
			);
			productName = MapTimerUITests;
			productReference = 563207332D7D2A30000AD31A /* MapTimerUITests.xctest */;
			productType = "com.apple.product-type.bundle.ui-testing";
		};
		565CE2DF2D7F670A00DDA473 /* QuickviewExtension */ = {
			isa = PBXNativeTarget;
			buildConfigurationList = 565CE2F82D7F670B00DDA473 /* Build configuration list for PBXNativeTarget "QuickviewExtension" */;
			buildPhases = (
				565CE2DC2D7F670A00DDA473 /* Sources */,
				565CE2DD2D7F670A00DDA473 /* Frameworks */,
				565CE2DE2D7F670A00DDA473 /* Resources */,
			);
			buildRules = (
			);
			dependencies = (
			);
			fileSystemSynchronizedGroups = (
				565CE2E62D7F670A00DDA473 /* Quickview */,
			);
			name = QuickviewExtension;
			packageProductDependencies = (
			);
			productName = QuickviewExtension;
			productReference = 565CE2E02D7F670A00DDA473 /* QuickviewExtension.appex */;
			productType = "com.apple.product-type.app-extension";
		};
		5686BF752DE3CF0E003C3392 /* QuickViewWatchExtension */ = {
			isa = PBXNativeTarget;
			buildConfigurationList = 5686BF852DE3CF0F003C3392 /* Build configuration list for PBXNativeTarget "QuickViewWatchExtension" */;
			buildPhases = (
				5686BF722DE3CF0E003C3392 /* Sources */,
				5686BF732DE3CF0E003C3392 /* Frameworks */,
				5686BF742DE3CF0E003C3392 /* Resources */,
			);
			buildRules = (
			);
			dependencies = (
			);
			fileSystemSynchronizedGroups = (
				5686BF792DE3CF0E003C3392 /* QuickViewWatch */,
			);
			name = QuickViewWatchExtension;
			packageProductDependencies = (
			);
			productName = QuickViewWatchExtension;
			productReference = 5686BF762DE3CF0E003C3392 /* QuickViewWatchExtension.appex */;
			productType = "com.apple.product-type.app-extension";
		};
/* End PBXNativeTarget section */

/* Begin PBXProject section */
		563207112D7D2A2F000AD31A /* Project object */ = {
			isa = PBXProject;
			attributes = {
				BuildIndependentTargetsInParallel = 1;
				LastSwiftUpdateCheck = 1630;
				LastUpgradeCheck = 1630;
				TargetAttributes = {
					562B06042DE2985400916BB1 = {
						CreatedOnToolsVersion = 16.3;
					};
					562B06102DE2985500916BB1 = {
						CreatedOnToolsVersion = 16.3;
						TestTargetID = 562B06042DE2985400916BB1;
					};
					562B061A2DE2985500916BB1 = {
						CreatedOnToolsVersion = 16.3;
						TestTargetID = 562B06042DE2985400916BB1;
					};
					563207182D7D2A2F000AD31A = {
						CreatedOnToolsVersion = 16.2;
					};
					563207282D7D2A30000AD31A = {
						CreatedOnToolsVersion = 16.2;
						TestTargetID = 563207182D7D2A2F000AD31A;
					};
					563207322D7D2A30000AD31A = {
						CreatedOnToolsVersion = 16.2;
						TestTargetID = 563207182D7D2A2F000AD31A;
					};
					565CE2DF2D7F670A00DDA473 = {
						CreatedOnToolsVersion = 16.2;
					};
					5686BF752DE3CF0E003C3392 = {
						CreatedOnToolsVersion = 16.3;
					};
				};
			};
			buildConfigurationList = 563207142D7D2A2F000AD31A /* Build configuration list for PBXProject "MapTimer" */;
			developmentRegion = en;
			hasScannedForEncodings = 0;
			knownRegions = (
				en,
				Base,
			);
			mainGroup = 563207102D7D2A2F000AD31A;
			minimizedProjectReferenceProxies = 1;
			packageReferences = (
			);
			preferredProjectObjectVersion = 77;
			productRefGroup = 5632071A2D7D2A2F000AD31A /* Products */;
			projectDirPath = "";
			projectRoot = "";
			targets = (
				563207182D7D2A2F000AD31A /* MapTimer */,
				563207282D7D2A30000AD31A /* MapTimerTests */,
				563207322D7D2A30000AD31A /* MapTimerUITests */,
				565CE2DF2D7F670A00DDA473 /* QuickviewExtension */,
				562B06042DE2985400916BB1 /* WatchMapTimer Watch App */,
				562B06102DE2985500916BB1 /* WatchMapTimer Watch AppTests */,
				562B061A2DE2985500916BB1 /* WatchMapTimer Watch AppUITests */,
				5686BF752DE3CF0E003C3392 /* QuickViewWatchExtension */,
			);
		};
/* End PBXProject section */

/* Begin PBXResourcesBuildPhase section */
		562B06032DE2985400916BB1 /* Resources */ = {
			isa = PBXResourcesBuildPhase;
			buildActionMask = 2147483647;
			files = (
			);
			runOnlyForDeploymentPostprocessing = 0;
		};
		562B060F2DE2985500916BB1 /* Resources */ = {
			isa = PBXResourcesBuildPhase;
			buildActionMask = 2147483647;
			files = (
			);
			runOnlyForDeploymentPostprocessing = 0;
		};
		562B06192DE2985500916BB1 /* Resources */ = {
			isa = PBXResourcesBuildPhase;
			buildActionMask = 2147483647;
			files = (
			);
			runOnlyForDeploymentPostprocessing = 0;
		};
		563207172D7D2A2F000AD31A /* Resources */ = {
			isa = PBXResourcesBuildPhase;
			buildActionMask = 2147483647;
			files = (
			);
			runOnlyForDeploymentPostprocessing = 0;
		};
		563207272D7D2A30000AD31A /* Resources */ = {
			isa = PBXResourcesBuildPhase;
			buildActionMask = 2147483647;
			files = (
			);
			runOnlyForDeploymentPostprocessing = 0;
		};
		563207312D7D2A30000AD31A /* Resources */ = {
			isa = PBXResourcesBuildPhase;
			buildActionMask = 2147483647;
			files = (
			);
			runOnlyForDeploymentPostprocessing = 0;
		};
		565CE2DE2D7F670A00DDA473 /* Resources */ = {
			isa = PBXResourcesBuildPhase;
			buildActionMask = 2147483647;
			files = (
			);
			runOnlyForDeploymentPostprocessing = 0;
		};
		5686BF742DE3CF0E003C3392 /* Resources */ = {
			isa = PBXResourcesBuildPhase;
			buildActionMask = 2147483647;
			files = (
			);
			runOnlyForDeploymentPostprocessing = 0;
		};
/* End PBXResourcesBuildPhase section */

/* Begin PBXSourcesBuildPhase section */
		562B06012DE2985400916BB1 /* Sources */ = {
			isa = PBXSourcesBuildPhase;
			buildActionMask = 2147483647;
			files = (
				562B06302DE298DF00916BB1 /* MapSchedule.swift in Sources */,
			);
			runOnlyForDeploymentPostprocessing = 0;
		};
		562B060D2DE2985500916BB1 /* Sources */ = {
			isa = PBXSourcesBuildPhase;
			buildActionMask = 2147483647;
			files = (
			);
			runOnlyForDeploymentPostprocessing = 0;
		};
		562B06172DE2985500916BB1 /* Sources */ = {
			isa = PBXSourcesBuildPhase;
			buildActionMask = 2147483647;
			files = (
			);
			runOnlyForDeploymentPostprocessing = 0;
		};
		563207152D7D2A2F000AD31A /* Sources */ = {
			isa = PBXSourcesBuildPhase;
			buildActionMask = 2147483647;
			files = (
				565CE3212D80F2B900DDA473 /* MapSchedule.swift in Sources */,
			);
			runOnlyForDeploymentPostprocessing = 0;
		};
		563207252D7D2A30000AD31A /* Sources */ = {
			isa = PBXSourcesBuildPhase;
			buildActionMask = 2147483647;
			files = (
			);
			runOnlyForDeploymentPostprocessing = 0;
		};
		5632072F2D7D2A30000AD31A /* Sources */ = {
			isa = PBXSourcesBuildPhase;
			buildActionMask = 2147483647;
			files = (
			);
			runOnlyForDeploymentPostprocessing = 0;
		};
		565CE2DC2D7F670A00DDA473 /* Sources */ = {
			isa = PBXSourcesBuildPhase;
			buildActionMask = 2147483647;
			files = (
				565CE3392D80F50900DDA473 /* MapSchedule.swift in Sources */,
			);
			runOnlyForDeploymentPostprocessing = 0;
		};
		5686BF722DE3CF0E003C3392 /* Sources */ = {
			isa = PBXSourcesBuildPhase;
			buildActionMask = 2147483647;
			files = (
				5686BF892DE3D96E003C3392 /* MapSchedule.swift in Sources */,
			);
			runOnlyForDeploymentPostprocessing = 0;
		};
/* End PBXSourcesBuildPhase section */

/* Begin PBXTargetDependency section */
		562B06132DE2985500916BB1 /* PBXTargetDependency */ = {
			isa = PBXTargetDependency;
			target = 562B06042DE2985400916BB1 /* WatchMapTimer Watch App */;
			targetProxy = 562B06122DE2985500916BB1 /* PBXContainerItemProxy */;
		};
		562B061D2DE2985500916BB1 /* PBXTargetDependency */ = {
			isa = PBXTargetDependency;
			target = 562B06042DE2985400916BB1 /* WatchMapTimer Watch App */;
			targetProxy = 562B061C2DE2985500916BB1 /* PBXContainerItemProxy */;
		};
		562B06242DE2985500916BB1 /* PBXTargetDependency */ = {
			isa = PBXTargetDependency;
			target = 562B06042DE2985400916BB1 /* WatchMapTimer Watch App */;
			targetProxy = 562B06232DE2985500916BB1 /* PBXContainerItemProxy */;
		};
		5632072B2D7D2A30000AD31A /* PBXTargetDependency */ = {
			isa = PBXTargetDependency;
			target = 563207182D7D2A2F000AD31A /* MapTimer */;
			targetProxy = 5632072A2D7D2A30000AD31A /* PBXContainerItemProxy */;
		};
		563207352D7D2A30000AD31A /* PBXTargetDependency */ = {
			isa = PBXTargetDependency;
			target = 563207182D7D2A2F000AD31A /* MapTimer */;
			targetProxy = 563207342D7D2A30000AD31A /* PBXContainerItemProxy */;
		};
		565CE2F52D7F670B00DDA473 /* PBXTargetDependency */ = {
			isa = PBXTargetDependency;
			target = 565CE2DF2D7F670A00DDA473 /* QuickviewExtension */;
			targetProxy = 565CE2F42D7F670B00DDA473 /* PBXContainerItemProxy */;
		};
		5686BF822DE3CF0F003C3392 /* PBXTargetDependency */ = {
			isa = PBXTargetDependency;
			target = 5686BF752DE3CF0E003C3392 /* QuickViewWatchExtension */;
			targetProxy = 5686BF812DE3CF0F003C3392 /* PBXContainerItemProxy */;
		};
/* End PBXTargetDependency section */

/* Begin XCBuildConfiguration section */
		562B06272DE2985500916BB1 /* Debug */ = {
			isa = XCBuildConfiguration;
			buildSettings = {
				ASSETCATALOG_COMPILER_APPICON_NAME = AppIcon;
				ASSETCATALOG_COMPILER_GLOBAL_ACCENT_COLOR_NAME = AccentColor;
				CODE_SIGN_STYLE = Automatic;
				CURRENT_PROJECT_VERSION = 1;
				ENABLE_PREVIEWS = YES;
				GENERATE_INFOPLIST_FILE = YES;
				INFOPLIST_KEY_CFBundleDisplayName = "Map Timer";
				INFOPLIST_KEY_UISupportedInterfaceOrientations = "UIInterfaceOrientationPortrait UIInterfaceOrientationPortraitUpsideDown";
				INFOPLIST_KEY_WKCompanionAppBundleIdentifier = JackKroll.MapTimer;
				INFOPLIST_KEY_WKRunsIndependentlyOfCompanionApp = YES;
				LD_RUNPATH_SEARCH_PATHS = (
					"$(inherited)",
					"@executable_path/Frameworks",
				);
				MARKETING_VERSION = 1.0;
				PRODUCT_BUNDLE_IDENTIFIER = JackKroll.MapTimer.watchkitapp;
				PRODUCT_NAME = "$(TARGET_NAME)";
				SDKROOT = watchos;
				SKIP_INSTALL = YES;
				SWIFT_EMIT_LOC_STRINGS = YES;
				SWIFT_VERSION = 5.0;
				TARGETED_DEVICE_FAMILY = 4;
				WATCHOS_DEPLOYMENT_TARGET = 11.0;
			};
			name = Debug;
		};
		562B06282DE2985500916BB1 /* Release */ = {
			isa = XCBuildConfiguration;
			buildSettings = {
				ASSETCATALOG_COMPILER_APPICON_NAME = AppIcon;
				ASSETCATALOG_COMPILER_GLOBAL_ACCENT_COLOR_NAME = AccentColor;
				CODE_SIGN_STYLE = Automatic;
				CURRENT_PROJECT_VERSION = 1;
				ENABLE_PREVIEWS = YES;
				GENERATE_INFOPLIST_FILE = YES;
				INFOPLIST_KEY_CFBundleDisplayName = "Map Timer";
				INFOPLIST_KEY_UISupportedInterfaceOrientations = "UIInterfaceOrientationPortrait UIInterfaceOrientationPortraitUpsideDown";
				INFOPLIST_KEY_WKCompanionAppBundleIdentifier = JackKroll.MapTimer;
				INFOPLIST_KEY_WKRunsIndependentlyOfCompanionApp = YES;
				LD_RUNPATH_SEARCH_PATHS = (
					"$(inherited)",
					"@executable_path/Frameworks",
				);
				MARKETING_VERSION = 1.0;
				PRODUCT_BUNDLE_IDENTIFIER = JackKroll.MapTimer.watchkitapp;
				PRODUCT_NAME = "$(TARGET_NAME)";
				SDKROOT = watchos;
				SKIP_INSTALL = YES;
				SWIFT_EMIT_LOC_STRINGS = YES;
				SWIFT_VERSION = 5.0;
				TARGETED_DEVICE_FAMILY = 4;
				WATCHOS_DEPLOYMENT_TARGET = 11.0;
			};
			name = Release;
		};
		562B062B2DE2985500916BB1 /* Debug */ = {
			isa = XCBuildConfiguration;
			buildSettings = {
				BUNDLE_LOADER = "$(TEST_HOST)";
				CODE_SIGN_STYLE = Automatic;
				CURRENT_PROJECT_VERSION = 1;
				DEVELOPMENT_TEAM = ZS9H682SJQ;
				GENERATE_INFOPLIST_FILE = YES;
				MARKETING_VERSION = 1.0;
				PRODUCT_BUNDLE_IDENTIFIER = "JackKroll.WatchMapTimer-Watch-AppTests";
				PRODUCT_NAME = "$(TARGET_NAME)";
				SDKROOT = watchos;
				SWIFT_EMIT_LOC_STRINGS = NO;
				SWIFT_VERSION = 5.0;
				TARGETED_DEVICE_FAMILY = 4;
				TEST_HOST = "$(BUILT_PRODUCTS_DIR)/WatchMapTimer Watch App.app/$(BUNDLE_EXECUTABLE_FOLDER_PATH)/WatchMapTimer Watch App";
				WATCHOS_DEPLOYMENT_TARGET = 11.4;
			};
			name = Debug;
		};
		562B062C2DE2985500916BB1 /* Release */ = {
			isa = XCBuildConfiguration;
			buildSettings = {
				BUNDLE_LOADER = "$(TEST_HOST)";
				CODE_SIGN_STYLE = Automatic;
				CURRENT_PROJECT_VERSION = 1;
				DEVELOPMENT_TEAM = ZS9H682SJQ;
				GENERATE_INFOPLIST_FILE = YES;
				MARKETING_VERSION = 1.0;
				PRODUCT_BUNDLE_IDENTIFIER = "JackKroll.WatchMapTimer-Watch-AppTests";
				PRODUCT_NAME = "$(TARGET_NAME)";
				SDKROOT = watchos;
				SWIFT_EMIT_LOC_STRINGS = NO;
				SWIFT_VERSION = 5.0;
				TARGETED_DEVICE_FAMILY = 4;
				TEST_HOST = "$(BUILT_PRODUCTS_DIR)/WatchMapTimer Watch App.app/$(BUNDLE_EXECUTABLE_FOLDER_PATH)/WatchMapTimer Watch App";
				WATCHOS_DEPLOYMENT_TARGET = 11.4;
			};
			name = Release;
		};
		562B062E2DE2985500916BB1 /* Debug */ = {
			isa = XCBuildConfiguration;
			buildSettings = {
				CODE_SIGN_STYLE = Automatic;
				CURRENT_PROJECT_VERSION = 1;
				DEVELOPMENT_TEAM = ZS9H682SJQ;
				GENERATE_INFOPLIST_FILE = YES;
				MARKETING_VERSION = 1.0;
				PRODUCT_BUNDLE_IDENTIFIER = "JackKroll.WatchMapTimer-Watch-AppUITests";
				PRODUCT_NAME = "$(TARGET_NAME)";
				SDKROOT = watchos;
				SWIFT_EMIT_LOC_STRINGS = NO;
				SWIFT_VERSION = 5.0;
				TARGETED_DEVICE_FAMILY = 4;
				TEST_TARGET_NAME = "WatchMapTimer Watch App";
				WATCHOS_DEPLOYMENT_TARGET = 11.4;
			};
			name = Debug;
		};
		562B062F2DE2985500916BB1 /* Release */ = {
			isa = XCBuildConfiguration;
			buildSettings = {
				CODE_SIGN_STYLE = Automatic;
				CURRENT_PROJECT_VERSION = 1;
				DEVELOPMENT_TEAM = ZS9H682SJQ;
				GENERATE_INFOPLIST_FILE = YES;
				MARKETING_VERSION = 1.0;
				PRODUCT_BUNDLE_IDENTIFIER = "JackKroll.WatchMapTimer-Watch-AppUITests";
				PRODUCT_NAME = "$(TARGET_NAME)";
				SDKROOT = watchos;
				SWIFT_EMIT_LOC_STRINGS = NO;
				SWIFT_VERSION = 5.0;
				TARGETED_DEVICE_FAMILY = 4;
				TEST_TARGET_NAME = "WatchMapTimer Watch App";
				WATCHOS_DEPLOYMENT_TARGET = 11.4;
			};
			name = Release;
		};
		5632073B2D7D2A30000AD31A /* Debug */ = {
			isa = XCBuildConfiguration;
			buildSettings = {
				ALWAYS_SEARCH_USER_PATHS = NO;
				ASSETCATALOG_COMPILER_GENERATE_SWIFT_ASSET_SYMBOL_EXTENSIONS = YES;
				CLANG_ANALYZER_NONNULL = YES;
				CLANG_ANALYZER_NUMBER_OBJECT_CONVERSION = YES_AGGRESSIVE;
				CLANG_CXX_LANGUAGE_STANDARD = "gnu++20";
				CLANG_ENABLE_MODULES = YES;
				CLANG_ENABLE_OBJC_ARC = YES;
				CLANG_ENABLE_OBJC_WEAK = YES;
				CLANG_WARN_BLOCK_CAPTURE_AUTORELEASING = YES;
				CLANG_WARN_BOOL_CONVERSION = YES;
				CLANG_WARN_COMMA = YES;
				CLANG_WARN_CONSTANT_CONVERSION = YES;
				CLANG_WARN_DEPRECATED_OBJC_IMPLEMENTATIONS = YES;
				CLANG_WARN_DIRECT_OBJC_ISA_USAGE = YES_ERROR;
				CLANG_WARN_DOCUMENTATION_COMMENTS = YES;
				CLANG_WARN_EMPTY_BODY = YES;
				CLANG_WARN_ENUM_CONVERSION = YES;
				CLANG_WARN_INFINITE_RECURSION = YES;
				CLANG_WARN_INT_CONVERSION = YES;
				CLANG_WARN_NON_LITERAL_NULL_CONVERSION = YES;
				CLANG_WARN_OBJC_IMPLICIT_RETAIN_SELF = YES;
				CLANG_WARN_OBJC_LITERAL_CONVERSION = YES;
				CLANG_WARN_OBJC_ROOT_CLASS = YES_ERROR;
				CLANG_WARN_QUOTED_INCLUDE_IN_FRAMEWORK_HEADER = YES;
				CLANG_WARN_RANGE_LOOP_ANALYSIS = YES;
				CLANG_WARN_STRICT_PROTOTYPES = YES;
				CLANG_WARN_SUSPICIOUS_MOVE = YES;
				CLANG_WARN_UNGUARDED_AVAILABILITY = YES_AGGRESSIVE;
				CLANG_WARN_UNREACHABLE_CODE = YES;
				CLANG_WARN__DUPLICATE_METHOD_MATCH = YES;
				COPY_PHASE_STRIP = NO;
				DEBUG_INFORMATION_FORMAT = dwarf;
				DEVELOPMENT_TEAM = ZS9H682SJQ;
				ENABLE_STRICT_OBJC_MSGSEND = YES;
				ENABLE_TESTABILITY = YES;
				ENABLE_USER_SCRIPT_SANDBOXING = YES;
				GCC_C_LANGUAGE_STANDARD = gnu17;
				GCC_DYNAMIC_NO_PIC = NO;
				GCC_NO_COMMON_BLOCKS = YES;
				GCC_OPTIMIZATION_LEVEL = 0;
				GCC_PREPROCESSOR_DEFINITIONS = (
					"DEBUG=1",
					"$(inherited)",
				);
				GCC_WARN_64_TO_32_BIT_CONVERSION = YES;
				GCC_WARN_ABOUT_RETURN_TYPE = YES_ERROR;
				GCC_WARN_UNDECLARED_SELECTOR = YES;
				GCC_WARN_UNINITIALIZED_AUTOS = YES_AGGRESSIVE;
				GCC_WARN_UNUSED_FUNCTION = YES;
				GCC_WARN_UNUSED_VARIABLE = YES;
				IPHONEOS_DEPLOYMENT_TARGET = 18.2;
				LOCALIZATION_PREFERS_STRING_CATALOGS = YES;
				MTL_ENABLE_DEBUG_INFO = INCLUDE_SOURCE;
				MTL_FAST_MATH = YES;
				ONLY_ACTIVE_ARCH = YES;
				SDKROOT = iphoneos;
				SWIFT_ACTIVE_COMPILATION_CONDITIONS = "DEBUG $(inherited)";
				SWIFT_OPTIMIZATION_LEVEL = "-Onone";
			};
			name = Debug;
		};
		5632073C2D7D2A30000AD31A /* Release */ = {
			isa = XCBuildConfiguration;
			buildSettings = {
				ALWAYS_SEARCH_USER_PATHS = NO;
				ASSETCATALOG_COMPILER_GENERATE_SWIFT_ASSET_SYMBOL_EXTENSIONS = YES;
				CLANG_ANALYZER_NONNULL = YES;
				CLANG_ANALYZER_NUMBER_OBJECT_CONVERSION = YES_AGGRESSIVE;
				CLANG_CXX_LANGUAGE_STANDARD = "gnu++20";
				CLANG_ENABLE_MODULES = YES;
				CLANG_ENABLE_OBJC_ARC = YES;
				CLANG_ENABLE_OBJC_WEAK = YES;
				CLANG_WARN_BLOCK_CAPTURE_AUTORELEASING = YES;
				CLANG_WARN_BOOL_CONVERSION = YES;
				CLANG_WARN_COMMA = YES;
				CLANG_WARN_CONSTANT_CONVERSION = YES;
				CLANG_WARN_DEPRECATED_OBJC_IMPLEMENTATIONS = YES;
				CLANG_WARN_DIRECT_OBJC_ISA_USAGE = YES_ERROR;
				CLANG_WARN_DOCUMENTATION_COMMENTS = YES;
				CLANG_WARN_EMPTY_BODY = YES;
				CLANG_WARN_ENUM_CONVERSION = YES;
				CLANG_WARN_INFINITE_RECURSION = YES;
				CLANG_WARN_INT_CONVERSION = YES;
				CLANG_WARN_NON_LITERAL_NULL_CONVERSION = YES;
				CLANG_WARN_OBJC_IMPLICIT_RETAIN_SELF = YES;
				CLANG_WARN_OBJC_LITERAL_CONVERSION = YES;
				CLANG_WARN_OBJC_ROOT_CLASS = YES_ERROR;
				CLANG_WARN_QUOTED_INCLUDE_IN_FRAMEWORK_HEADER = YES;
				CLANG_WARN_RANGE_LOOP_ANALYSIS = YES;
				CLANG_WARN_STRICT_PROTOTYPES = YES;
				CLANG_WARN_SUSPICIOUS_MOVE = YES;
				CLANG_WARN_UNGUARDED_AVAILABILITY = YES_AGGRESSIVE;
				CLANG_WARN_UNREACHABLE_CODE = YES;
				CLANG_WARN__DUPLICATE_METHOD_MATCH = YES;
				COPY_PHASE_STRIP = NO;
				DEBUG_INFORMATION_FORMAT = "dwarf-with-dsym";
				DEVELOPMENT_TEAM = ZS9H682SJQ;
				ENABLE_NS_ASSERTIONS = NO;
				ENABLE_STRICT_OBJC_MSGSEND = YES;
				ENABLE_USER_SCRIPT_SANDBOXING = YES;
				GCC_C_LANGUAGE_STANDARD = gnu17;
				GCC_NO_COMMON_BLOCKS = YES;
				GCC_WARN_64_TO_32_BIT_CONVERSION = YES;
				GCC_WARN_ABOUT_RETURN_TYPE = YES_ERROR;
				GCC_WARN_UNDECLARED_SELECTOR = YES;
				GCC_WARN_UNINITIALIZED_AUTOS = YES_AGGRESSIVE;
				GCC_WARN_UNUSED_FUNCTION = YES;
				GCC_WARN_UNUSED_VARIABLE = YES;
				IPHONEOS_DEPLOYMENT_TARGET = 18.2;
				LOCALIZATION_PREFERS_STRING_CATALOGS = YES;
				MTL_ENABLE_DEBUG_INFO = NO;
				MTL_FAST_MATH = YES;
				SDKROOT = iphoneos;
				SWIFT_COMPILATION_MODE = wholemodule;
				VALIDATE_PRODUCT = YES;
			};
			name = Release;
		};
		5632073E2D7D2A30000AD31A /* Debug */ = {
			isa = XCBuildConfiguration;
			buildSettings = {
				ASSETCATALOG_COMPILER_APPICON_NAME = AppIcon;
				ASSETCATALOG_COMPILER_GLOBAL_ACCENT_COLOR_NAME = AccentColor;
				CODE_SIGN_ENTITLEMENTS = MapTimer/MapTimer.entitlements;
				CODE_SIGN_STYLE = Automatic;
				CURRENT_PROJECT_VERSION = 2;
				DEVELOPMENT_ASSET_PATHS = "\"MapTimer/Preview Content\"";
				ENABLE_PREVIEWS = YES;
				GENERATE_INFOPLIST_FILE = YES;
				INFOPLIST_KEY_LSApplicationCategoryType = "public.app-category.utilities";
				INFOPLIST_KEY_UIApplicationSceneManifest_Generation = YES;
				INFOPLIST_KEY_UIApplicationSupportsIndirectInputEvents = YES;
				INFOPLIST_KEY_UILaunchScreen_Generation = YES;
				INFOPLIST_KEY_UISupportedInterfaceOrientations_iPad = "UIInterfaceOrientationPortrait UIInterfaceOrientationPortraitUpsideDown UIInterfaceOrientationLandscapeLeft UIInterfaceOrientationLandscapeRight";
				INFOPLIST_KEY_UISupportedInterfaceOrientations_iPhone = "UIInterfaceOrientationPortrait UIInterfaceOrientationLandscapeLeft UIInterfaceOrientationLandscapeRight";
				LD_RUNPATH_SEARCH_PATHS = (
					"$(inherited)",
					"@executable_path/Frameworks",
				);
				MARKETING_VERSION = 1.1;
				PRODUCT_BUNDLE_IDENTIFIER = JackKroll.MapTimer;
				PRODUCT_NAME = "$(TARGET_NAME)";
				SWIFT_EMIT_LOC_STRINGS = YES;
				SWIFT_VERSION = 5.0;
				TARGETED_DEVICE_FAMILY = "1,2";
			};
			name = Debug;
		};
		5632073F2D7D2A30000AD31A /* Release */ = {
			isa = XCBuildConfiguration;
			buildSettings = {
				ASSETCATALOG_COMPILER_APPICON_NAME = AppIcon;
				ASSETCATALOG_COMPILER_GLOBAL_ACCENT_COLOR_NAME = AccentColor;
				CODE_SIGN_ENTITLEMENTS = MapTimer/MapTimer.entitlements;
				CODE_SIGN_STYLE = Automatic;
				CURRENT_PROJECT_VERSION = 2;
				DEVELOPMENT_ASSET_PATHS = "\"MapTimer/Preview Content\"";
				ENABLE_PREVIEWS = YES;
				GENERATE_INFOPLIST_FILE = YES;
				INFOPLIST_KEY_LSApplicationCategoryType = "public.app-category.utilities";
				INFOPLIST_KEY_UIApplicationSceneManifest_Generation = YES;
				INFOPLIST_KEY_UIApplicationSupportsIndirectInputEvents = YES;
				INFOPLIST_KEY_UILaunchScreen_Generation = YES;
				INFOPLIST_KEY_UISupportedInterfaceOrientations_iPad = "UIInterfaceOrientationPortrait UIInterfaceOrientationPortraitUpsideDown UIInterfaceOrientationLandscapeLeft UIInterfaceOrientationLandscapeRight";
				INFOPLIST_KEY_UISupportedInterfaceOrientations_iPhone = "UIInterfaceOrientationPortrait UIInterfaceOrientationLandscapeLeft UIInterfaceOrientationLandscapeRight";
				LD_RUNPATH_SEARCH_PATHS = (
					"$(inherited)",
					"@executable_path/Frameworks",
				);
				MARKETING_VERSION = 1.1;
				PRODUCT_BUNDLE_IDENTIFIER = JackKroll.MapTimer;
				PRODUCT_NAME = "$(TARGET_NAME)";
				SWIFT_EMIT_LOC_STRINGS = YES;
				SWIFT_VERSION = 5.0;
				TARGETED_DEVICE_FAMILY = "1,2";
			};
			name = Release;
		};
		563207412D7D2A30000AD31A /* Debug */ = {
			isa = XCBuildConfiguration;
			buildSettings = {
				BUNDLE_LOADER = "$(TEST_HOST)";
				CODE_SIGN_STYLE = Automatic;
				CURRENT_PROJECT_VERSION = 1;
				GENERATE_INFOPLIST_FILE = YES;
				IPHONEOS_DEPLOYMENT_TARGET = 18.2;
				MARKETING_VERSION = 1.0;
				PRODUCT_BUNDLE_IDENTIFIER = JackKroll.MapTimerTests;
				PRODUCT_NAME = "$(TARGET_NAME)";
				SWIFT_EMIT_LOC_STRINGS = NO;
				SWIFT_VERSION = 5.0;
				TARGETED_DEVICE_FAMILY = "1,2";
				TEST_HOST = "$(BUILT_PRODUCTS_DIR)/MapTimer.app/$(BUNDLE_EXECUTABLE_FOLDER_PATH)/MapTimer";
			};
			name = Debug;
		};
		563207422D7D2A30000AD31A /* Release */ = {
			isa = XCBuildConfiguration;
			buildSettings = {
				BUNDLE_LOADER = "$(TEST_HOST)";
				CODE_SIGN_STYLE = Automatic;
				CURRENT_PROJECT_VERSION = 1;
				GENERATE_INFOPLIST_FILE = YES;
				IPHONEOS_DEPLOYMENT_TARGET = 18.2;
				MARKETING_VERSION = 1.0;
				PRODUCT_BUNDLE_IDENTIFIER = JackKroll.MapTimerTests;
				PRODUCT_NAME = "$(TARGET_NAME)";
				SWIFT_EMIT_LOC_STRINGS = NO;
				SWIFT_VERSION = 5.0;
				TARGETED_DEVICE_FAMILY = "1,2";
				TEST_HOST = "$(BUILT_PRODUCTS_DIR)/MapTimer.app/$(BUNDLE_EXECUTABLE_FOLDER_PATH)/MapTimer";
			};
			name = Release;
		};
		563207442D7D2A30000AD31A /* Debug */ = {
			isa = XCBuildConfiguration;
			buildSettings = {
				CODE_SIGN_STYLE = Automatic;
				CURRENT_PROJECT_VERSION = 1;
				GENERATE_INFOPLIST_FILE = YES;
				MARKETING_VERSION = 1.0;
				PRODUCT_BUNDLE_IDENTIFIER = JackKroll.MapTimerUITests;
				PRODUCT_NAME = "$(TARGET_NAME)";
				SWIFT_EMIT_LOC_STRINGS = NO;
				SWIFT_VERSION = 5.0;
				TARGETED_DEVICE_FAMILY = "1,2";
				TEST_TARGET_NAME = MapTimer;
			};
			name = Debug;
		};
		563207452D7D2A30000AD31A /* Release */ = {
			isa = XCBuildConfiguration;
			buildSettings = {
				CODE_SIGN_STYLE = Automatic;
				CURRENT_PROJECT_VERSION = 1;
				GENERATE_INFOPLIST_FILE = YES;
				MARKETING_VERSION = 1.0;
				PRODUCT_BUNDLE_IDENTIFIER = JackKroll.MapTimerUITests;
				PRODUCT_NAME = "$(TARGET_NAME)";
				SWIFT_EMIT_LOC_STRINGS = NO;
				SWIFT_VERSION = 5.0;
				TARGETED_DEVICE_FAMILY = "1,2";
				TEST_TARGET_NAME = MapTimer;
			};
			name = Release;
		};
		565CE2F92D7F670B00DDA473 /* Debug */ = {
			isa = XCBuildConfiguration;
			buildSettings = {
				ASSETCATALOG_COMPILER_GLOBAL_ACCENT_COLOR_NAME = AccentColor;
				ASSETCATALOG_COMPILER_WIDGET_BACKGROUND_COLOR_NAME = WidgetBackground;
				CODE_SIGN_STYLE = Automatic;
				CURRENT_PROJECT_VERSION = 1;
				GENERATE_INFOPLIST_FILE = YES;
				INFOPLIST_FILE = Quickview/Info.plist;
				INFOPLIST_KEY_CFBundleDisplayName = "Map Timer";
				INFOPLIST_KEY_NSHumanReadableCopyright = "";
				LD_RUNPATH_SEARCH_PATHS = (
					"$(inherited)",
					"@executable_path/Frameworks",
					"@executable_path/../../Frameworks",
				);
				MARKETING_VERSION = 1.0;
				PRODUCT_BUNDLE_IDENTIFIER = JackKroll.MapTimer.Quickview;
				PRODUCT_NAME = "$(TARGET_NAME)";
				SKIP_INSTALL = YES;
				SWIFT_EMIT_LOC_STRINGS = YES;
				SWIFT_VERSION = 5.0;
				TARGETED_DEVICE_FAMILY = "1,2";
			};
			name = Debug;
		};
		565CE2FA2D7F670B00DDA473 /* Release */ = {
			isa = XCBuildConfiguration;
			buildSettings = {
				ASSETCATALOG_COMPILER_GLOBAL_ACCENT_COLOR_NAME = AccentColor;
				ASSETCATALOG_COMPILER_WIDGET_BACKGROUND_COLOR_NAME = WidgetBackground;
				CODE_SIGN_STYLE = Automatic;
				CURRENT_PROJECT_VERSION = 1;
				GENERATE_INFOPLIST_FILE = YES;
				INFOPLIST_FILE = Quickview/Info.plist;
				INFOPLIST_KEY_CFBundleDisplayName = "Map Timer";
				INFOPLIST_KEY_NSHumanReadableCopyright = "";
				LD_RUNPATH_SEARCH_PATHS = (
					"$(inherited)",
					"@executable_path/Frameworks",
					"@executable_path/../../Frameworks",
				);
				MARKETING_VERSION = 1.0;
				PRODUCT_BUNDLE_IDENTIFIER = JackKroll.MapTimer.Quickview;
				PRODUCT_NAME = "$(TARGET_NAME)";
				SKIP_INSTALL = YES;
				SWIFT_EMIT_LOC_STRINGS = YES;
				SWIFT_VERSION = 5.0;
				TARGETED_DEVICE_FAMILY = "1,2";
			};
			name = Release;
		};
		5686BF862DE3CF0F003C3392 /* Debug */ = {
			isa = XCBuildConfiguration;
			buildSettings = {
				ASSETCATALOG_COMPILER_GLOBAL_ACCENT_COLOR_NAME = AccentColor;
				ASSETCATALOG_COMPILER_WIDGET_BACKGROUND_COLOR_NAME = WidgetBackground;
				CODE_SIGN_STYLE = Automatic;
				CURRENT_PROJECT_VERSION = 1;
				GENERATE_INFOPLIST_FILE = YES;
				INFOPLIST_FILE = QuickViewWatch/Info.plist;
				INFOPLIST_KEY_CFBundleDisplayName = "Map Timer";
				INFOPLIST_KEY_NSHumanReadableCopyright = "";
				LD_RUNPATH_SEARCH_PATHS = (
					"$(inherited)",
					"@executable_path/Frameworks",
					"@executable_path/../../Frameworks",
					"@executable_path/../../../../Frameworks",
				);
				MARKETING_VERSION = 1.0;
				PRODUCT_BUNDLE_IDENTIFIER = JackKroll.MapTimer.watchkitapp.QuickViewWatch;
				PRODUCT_NAME = "$(TARGET_NAME)";
				SDKROOT = watchos;
				SKIP_INSTALL = YES;
				SWIFT_EMIT_LOC_STRINGS = YES;
				SWIFT_VERSION = 5.0;
				TARGETED_DEVICE_FAMILY = 4;
				WATCHOS_DEPLOYMENT_TARGET = 11.4;
			};
			name = Debug;
		};
		5686BF872DE3CF0F003C3392 /* Release */ = {
			isa = XCBuildConfiguration;
			buildSettings = {
				ASSETCATALOG_COMPILER_GLOBAL_ACCENT_COLOR_NAME = AccentColor;
				ASSETCATALOG_COMPILER_WIDGET_BACKGROUND_COLOR_NAME = WidgetBackground;
				CODE_SIGN_STYLE = Automatic;
				CURRENT_PROJECT_VERSION = 1;
				GENERATE_INFOPLIST_FILE = YES;
				INFOPLIST_FILE = QuickViewWatch/Info.plist;
				INFOPLIST_KEY_CFBundleDisplayName = "Map Timer";
				INFOPLIST_KEY_NSHumanReadableCopyright = "";
				LD_RUNPATH_SEARCH_PATHS = (
					"$(inherited)",
					"@executable_path/Frameworks",
					"@executable_path/../../Frameworks",
					"@executable_path/../../../../Frameworks",
				);
				MARKETING_VERSION = 1.0;
				PRODUCT_BUNDLE_IDENTIFIER = JackKroll.MapTimer.watchkitapp.QuickViewWatch;
				PRODUCT_NAME = "$(TARGET_NAME)";
				SDKROOT = watchos;
				SKIP_INSTALL = YES;
				SWIFT_EMIT_LOC_STRINGS = YES;
				SWIFT_VERSION = 5.0;
				TARGETED_DEVICE_FAMILY = 4;
				WATCHOS_DEPLOYMENT_TARGET = 11.4;
			};
			name = Release;
		};
/* End XCBuildConfiguration section */

/* Begin XCConfigurationList section */
		562B06262DE2985500916BB1 /* Build configuration list for PBXNativeTarget "WatchMapTimer Watch App" */ = {
			isa = XCConfigurationList;
			buildConfigurations = (
				562B06272DE2985500916BB1 /* Debug */,
				562B06282DE2985500916BB1 /* Release */,
			);
			defaultConfigurationIsVisible = 0;
			defaultConfigurationName = Release;
		};
		562B062A2DE2985500916BB1 /* Build configuration list for PBXNativeTarget "WatchMapTimer Watch AppTests" */ = {
			isa = XCConfigurationList;
			buildConfigurations = (
				562B062B2DE2985500916BB1 /* Debug */,
				562B062C2DE2985500916BB1 /* Release */,
			);
			defaultConfigurationIsVisible = 0;
			defaultConfigurationName = Release;
		};
		562B062D2DE2985500916BB1 /* Build configuration list for PBXNativeTarget "WatchMapTimer Watch AppUITests" */ = {
			isa = XCConfigurationList;
			buildConfigurations = (
				562B062E2DE2985500916BB1 /* Debug */,
				562B062F2DE2985500916BB1 /* Release */,
			);
			defaultConfigurationIsVisible = 0;
			defaultConfigurationName = Release;
		};
		563207142D7D2A2F000AD31A /* Build configuration list for PBXProject "MapTimer" */ = {
			isa = XCConfigurationList;
			buildConfigurations = (
				5632073B2D7D2A30000AD31A /* Debug */,
				5632073C2D7D2A30000AD31A /* Release */,
			);
			defaultConfigurationIsVisible = 0;
			defaultConfigurationName = Release;
		};
		5632073D2D7D2A30000AD31A /* Build configuration list for PBXNativeTarget "MapTimer" */ = {
			isa = XCConfigurationList;
			buildConfigurations = (
				5632073E2D7D2A30000AD31A /* Debug */,
				5632073F2D7D2A30000AD31A /* Release */,
			);
			defaultConfigurationIsVisible = 0;
			defaultConfigurationName = Release;
		};
		563207402D7D2A30000AD31A /* Build configuration list for PBXNativeTarget "MapTimerTests" */ = {
			isa = XCConfigurationList;
			buildConfigurations = (
				563207412D7D2A30000AD31A /* Debug */,
				563207422D7D2A30000AD31A /* Release */,
			);
			defaultConfigurationIsVisible = 0;
			defaultConfigurationName = Release;
		};
		563207432D7D2A30000AD31A /* Build configuration list for PBXNativeTarget "MapTimerUITests" */ = {
			isa = XCConfigurationList;
			buildConfigurations = (
				563207442D7D2A30000AD31A /* Debug */,
				563207452D7D2A30000AD31A /* Release */,
			);
			defaultConfigurationIsVisible = 0;
			defaultConfigurationName = Release;
		};
		565CE2F82D7F670B00DDA473 /* Build configuration list for PBXNativeTarget "QuickviewExtension" */ = {
			isa = XCConfigurationList;
			buildConfigurations = (
				565CE2F92D7F670B00DDA473 /* Debug */,
				565CE2FA2D7F670B00DDA473 /* Release */,
			);
			defaultConfigurationIsVisible = 0;
			defaultConfigurationName = Release;
		};
		5686BF852DE3CF0F003C3392 /* Build configuration list for PBXNativeTarget "QuickViewWatchExtension" */ = {
			isa = XCConfigurationList;
			buildConfigurations = (
				5686BF862DE3CF0F003C3392 /* Debug */,
				5686BF872DE3CF0F003C3392 /* Release */,
			);
			defaultConfigurationIsVisible = 0;
			defaultConfigurationName = Release;
		};
/* End XCConfigurationList section */
	};
	rootObject = 563207112D7D2A2F000AD31A /* Project object */;
}
